
Microsoft Visual Studio Solution File, Format Version 12.00
# Visual Studio Version 16
VisualStudioVersion = 16.0.32901.82
MinimumVisualStudioVersion = 10.0.40219.1
Project("{FAE04EC0-301F-11D3-BF4B-00C04F79EFBC}") = "Practice1_", "Practice1_\Practice1_.csproj", "{4E1EFA15-D78B-4A0C-AF94-316F2B720BD3}"
EndProject
Global
	GlobalSection(SolutionConfigurationPlatforms) = preSolution
		Debug|Any CPU = Debug|Any CPU
		Release|Any CPU = Release|Any CPU
	EndGlobalSection
	GlobalSection(ProjectConfigurationPlatforms) = postSolution
		{4E1EFA15-D78B-4A0C-AF94-316F2B720BD3}.Debug|Any CPU.ActiveCfg = Debug|Any CPU
		{4E1EFA15-D78B-4A0C-AF94-316F2B720BD3}.Debug|Any CPU.Build.0 = Debug|Any CPU
		{4E1EFA15-D78B-4A0C-AF94-316F2B720BD3}.Release|Any CPU.ActiveCfg = Release|Any CPU
		{4E1EFA15-D78B-4A0C-AF94-316F2B720BD3}.Release|Any CPU.Build.0 = Release|Any CPU
	EndGlobalSection
	GlobalSection(SolutionProperties) = preSolution
		HideSolutionNode = FALSE
	EndGlobalSection
	GlobalSection(ExtensibilityGlobals) = postSolution
		SolutionGuid = {CE15D6DC-1405-4994-BE57-9E985A9446AD}
	EndGlobalSection
EndGlobal
